
Microsoft Visual Studio Solution File, Format Version 12.00
# Visual Studio Version 17
VisualStudioVersion = 17.8.34525.116
MinimumVisualStudioVersion = 10.0.40219.1
Project("{9A19103F-16F7-4668-BE54-9A1E7A4F7556}") = "BeerBuzz.WebAPI", "BeerBuzz.WebAPI\BeerBuzz.WebAPI.csproj", "{A8EA476A-BD00-453D-94FD-406CB94EEE4F}"
EndProject
Project("{FAE04EC0-301F-11D3-BF4B-00C04F79EFBC}") = "BeerBuzz.Infrastructure", "BeerBuzz.Infrastructure\BeerBuzz.Infrastructure.csproj", "{27B56012-62A3-478A-95EC-96C6215D8441}"
EndProject
Project("{FAE04EC0-301F-11D3-BF4B-00C04F79EFBC}") = "BeerBuzz.Domain", "BeerBuzz.Domain\BeerBuzz.Domain.csproj", "{6095F394-FE8D-4DD2-B647-40ABCDDB6A50}"
EndProject
Global
	GlobalSection(SolutionConfigurationPlatforms) = preSolution
		Debug|Any CPU = Debug|Any CPU
		Release|Any CPU = Release|Any CPU
	EndGlobalSection
	GlobalSection(ProjectConfigurationPlatforms) = postSolution
		{A8EA476A-BD00-453D-94FD-406CB94EEE4F}.Debug|Any CPU.ActiveCfg = Debug|Any CPU
		{A8EA476A-BD00-453D-94FD-406CB94EEE4F}.Debug|Any CPU.Build.0 = Debug|Any CPU
		{A8EA476A-BD00-453D-94FD-406CB94EEE4F}.Release|Any CPU.ActiveCfg = Release|Any CPU
		{A8EA476A-BD00-453D-94FD-406CB94EEE4F}.Release|Any CPU.Build.0 = Release|Any CPU
		{27B56012-62A3-478A-95EC-96C6215D8441}.Debug|Any CPU.ActiveCfg = Debug|Any CPU
		{27B56012-62A3-478A-95EC-96C6215D8441}.Debug|Any CPU.Build.0 = Debug|Any CPU
		{27B56012-62A3-478A-95EC-96C6215D8441}.Release|Any CPU.ActiveCfg = Release|Any CPU
		{27B56012-62A3-478A-95EC-96C6215D8441}.Release|Any CPU.Build.0 = Release|Any CPU
		{6095F394-FE8D-4DD2-B647-40ABCDDB6A50}.Debug|Any CPU.ActiveCfg = Debug|Any CPU
		{6095F394-FE8D-4DD2-B647-40ABCDDB6A50}.Debug|Any CPU.Build.0 = Debug|Any CPU
		{6095F394-FE8D-4DD2-B647-40ABCDDB6A50}.Release|Any CPU.ActiveCfg = Release|Any CPU
		{6095F394-FE8D-4DD2-B647-40ABCDDB6A50}.Release|Any CPU.Build.0 = Release|Any CPU
	EndGlobalSection
	GlobalSection(SolutionProperties) = preSolution
		HideSolutionNode = FALSE
	EndGlobalSection
	GlobalSection(ExtensibilityGlobals) = postSolution
		SolutionGuid = {5BB47670-40BD-49F2-9BE2-004B525F68FD}
	EndGlobalSection
EndGlobal
